
Microsoft Visual Studio Solution File, Format Version 12.00
# Visual Studio Version 16
VisualStudioVersion = 16.0.29519.87
MinimumVisualStudioVersion = 10.0.40219.1
Project("{9A19103F-16F7-4668-BE54-9A1E7A4F7556}") = "Lab 7 - Regular Expressions", "Lab 7 - Regular Expressions\Lab 7 - Regular Expressions.csproj", "{EE17AEDA-1788-4941-80FA-94FADFDCCF02}"
EndProject
Project("{FAE04EC0-301F-11D3-BF4B-00C04F79EFBC}") = "Day 7 - Arrays", "Day 7 - Arrays\Day 7 - Arrays.csproj", "{04AB065D-1FAB-4BBD-BDA5-14D438B79B13}"
EndProject
Project("{FAE04EC0-301F-11D3-BF4B-00C04F79EFBC}") = "AverageArrayElements", "AverageArrayElements\AverageArrayElements.csproj", "{BA086130-3A17-46CB-AE3E-ECE4562745AE}"
EndProject
Project("{FAE04EC0-301F-11D3-BF4B-00C04F79EFBC}") = "ReferencingCopyingArrays", "ReferencingCopyingArrays\ReferencingCopyingArrays.csproj", "{0CEB9D46-EDE6-4408-A492-040BF1A3B126}"
EndProject
Global
	GlobalSection(SolutionConfigurationPlatforms) = preSolution
		Debug|Any CPU = Debug|Any CPU
		Release|Any CPU = Release|Any CPU
	EndGlobalSection
	GlobalSection(ProjectConfigurationPlatforms) = postSolution
		{EE17AEDA-1788-4941-80FA-94FADFDCCF02}.Debug|Any CPU.ActiveCfg = Debug|Any CPU
		{EE17AEDA-1788-4941-80FA-94FADFDCCF02}.Debug|Any CPU.Build.0 = Debug|Any CPU
		{EE17AEDA-1788-4941-80FA-94FADFDCCF02}.Release|Any CPU.ActiveCfg = Release|Any CPU
		{EE17AEDA-1788-4941-80FA-94FADFDCCF02}.Release|Any CPU.Build.0 = Release|Any CPU
		{04AB065D-1FAB-4BBD-BDA5-14D438B79B13}.Debug|Any CPU.ActiveCfg = Debug|Any CPU
		{04AB065D-1FAB-4BBD-BDA5-14D438B79B13}.Debug|Any CPU.Build.0 = Debug|Any CPU
		{04AB065D-1FAB-4BBD-BDA5-14D438B79B13}.Release|Any CPU.ActiveCfg = Release|Any CPU
		{04AB065D-1FAB-4BBD-BDA5-14D438B79B13}.Release|Any CPU.Build.0 = Release|Any CPU
		{BA086130-3A17-46CB-AE3E-ECE4562745AE}.Debug|Any CPU.ActiveCfg = Debug|Any CPU
		{BA086130-3A17-46CB-AE3E-ECE4562745AE}.Debug|Any CPU.Build.0 = Debug|Any CPU
		{BA086130-3A17-46CB-AE3E-ECE4562745AE}.Release|Any CPU.ActiveCfg = Release|Any CPU
		{BA086130-3A17-46CB-AE3E-ECE4562745AE}.Release|Any CPU.Build.0 = Release|Any CPU
		{0CEB9D46-EDE6-4408-A492-040BF1A3B126}.Debug|Any CPU.ActiveCfg = Debug|Any CPU
		{0CEB9D46-EDE6-4408-A492-040BF1A3B126}.Debug|Any CPU.Build.0 = Debug|Any CPU
		{0CEB9D46-EDE6-4408-A492-040BF1A3B126}.Release|Any CPU.ActiveCfg = Release|Any CPU
		{0CEB9D46-EDE6-4408-A492-040BF1A3B126}.Release|Any CPU.Build.0 = Release|Any CPU
	EndGlobalSection
	GlobalSection(SolutionProperties) = preSolution
		HideSolutionNode = FALSE
	EndGlobalSection
	GlobalSection(ExtensibilityGlobals) = postSolution
		SolutionGuid = {E90FBDF8-1F71-4238-AD3C-E0135FD28600}
	EndGlobalSection
EndGlobal
